
Microsoft Visual Studio Solution File, Format Version 11.00
# Visual Studio 2010
Project("{FAE04EC0-301F-11D3-BF4B-00C04F79EFBC}") = "ZigZagUnity", "Assembly-CSharp.csproj", "{B52119C9-8091-1B9F-2629-02D12E584A7F}"
EndProject
Global
	GlobalSection(SolutionConfigurationPlatforms) = preSolution
		Debug|Any CPU = Debug|Any CPU
		Release|Any CPU = Release|Any CPU
	EndGlobalSection
	GlobalSection(ProjectConfigurationPlatforms) = postSolution
		{B52119C9-8091-1B9F-2629-02D12E584A7F}.Debug|Any CPU.ActiveCfg = Debug|Any CPU
		{B52119C9-8091-1B9F-2629-02D12E584A7F}.Debug|Any CPU.Build.0 = Debug|Any CPU
		{B52119C9-8091-1B9F-2629-02D12E584A7F}.Release|Any CPU.ActiveCfg = Release|Any CPU
		{B52119C9-8091-1B9F-2629-02D12E584A7F}.Release|Any CPU.Build.0 = Release|Any CPU
	EndGlobalSection
	GlobalSection(SolutionProperties) = preSolution
		HideSolutionNode = FALSE
	EndGlobalSection
	GlobalSection(MonoDevelopProperties) = preSolution
		StartupItem = Assembly-CSharp.csproj
	EndGlobalSection
EndGlobal
